# This file was autogenerated by Stack.
# You should not edit this file by hand.
# For more information, please see the documentation at:
#   https://docs.haskellstack.org/en/stable/lock_files

packages:
- completed:
    hackage: stm-2.5.0.2@sha256:e4dc6473faaa75fbd7eccab4e3ee1d651d75bb0e49946ef0b8b751ccde771a55,2314
    pantry-tree:
      size: 1392
      sha256: d8c509f0b23f4e6a0f40c3e0f9eed8b7dd4c5235d6bca27e2151668a3050c0a8
  original:
    hackage: stm-2.5.0.2@sha256:e4dc6473faaa75fbd7eccab4e3ee1d651d75bb0e49946ef0b8b751ccde771a55,2314
snapshots:
- completed:
    size: 509471
    url: https://raw.githubusercontent.com/commercialhaskell/stackage-snapshots/master/lts/12/26.yaml
    sha256: 95f014df58d0679b1c4a2b7bf2b652b61da8d30de5f571abb0d59015ef678646
  original:
    url: https://raw.githubusercontent.com/commercialhaskell/stackage-snapshots/master/lts/12/26.yaml
